# This file may be used to create an environment using:
# $ conda create --name <env> --file <this file>
# platform: osx-arm64
# created-by: conda 26.1.1
@EXPLICIT
https://conda.anaconda.org/conda-forge/osx-arm64/bzip2-1.0.8-h4e30115_10.conda#8ec22f0ba25cbfc2e64d70cf29459eccd7ffdf6436f6a6ff15bbfef799f7d4f6
https://conda.anaconda.org/conda-forge/noarch/ca-certificates-2026.7.22-hbd8a1cb_0.conda#0a0544cf95f64394fe4959286f5c71f5444ad58feb0602e53becb27448d24da6
https://conda.anaconda.org/conda-forge/noarch/font-ttf-dejavu-sans-mono-2.37-hab24e00_0.tar.bz2#58d7f40d2940dd0a8aa28651239adbf5613254df0f75789919c4e6762054403b
https://conda.anaconda.org/conda-forge/noarch/font-ttf-inconsolata-3.000-h77eed37_0.tar.bz2#c52a29fdac682c20d252facc50f01e7c2e7ceac52aa9817aaf0bb83f7559ec5c
https://conda.anaconda.org/conda-forge/noarch/font-ttf-source-code-pro-2.038-h77eed37_0.tar.bz2#00925c8c055a2275614b4d983e1df637245e19058d79fc7dd1a93b8d9fb4b139
https://conda.anaconda.org/conda-forge/noarch/font-ttf-ubuntu-0.83-h77eed37_3.conda#2821ec1dc454bd8b9a31d0ed22a7ce22422c0aef163c59f49dfdf915d0f0ca14
https://conda.anaconda.org/conda-forge/osx-arm64/fribidi-1.0.16-h84a0fba_1.conda#6dd18694340b84290bb1906cc1359502b974aada6a8476cfe6dec3ce0e860af8
https://conda.anaconda.org/conda-forge/osx-arm64/icu-78.3-hc7cc350_2.conda#f0b22bc30e4cc29e29ba3234cb38497fe8def2c2aae4b775d42fe5b378a018c9
https://conda.anaconda.org/conda-forge/osx-arm64/libbrotlicommon-1.2.0-hc919400_1.conda#a7cb9e660531cf6fbd4148cff608c85738d0b76f0975c5fc3e7d5e92840b7229
https://conda.anaconda.org/conda-forge/osx-arm64/libcxx-22.1.8-h55c6f16_0.conda#a2e7abab5add9750fab064c024394de48e49f97631c605ad5db5c8ac3fc769ef
https://conda.anaconda.org/conda-forge/osx-arm64/libdeflate-1.25-he7e0567_1.conda#d896f4aa4ce4c590c2838678cb1917356fdb461d2a189991c0280c818c362172
https://conda.anaconda.org/conda-forge/osx-arm64/libexpat-2.8.1-hf6b4638_1.conda#5af74261101e3c777399c6294b2b5d290e508153268eb2e9ff99c4d69834612f
https://conda.anaconda.org/conda-forge/osx-arm64/libffi-3.7.0-hcf2aa1b_0.conda#2c6ac9a6cd65af89b2bd448518bb1e13b44a2e48c0d469398e37bcfc0092e832
https://conda.anaconda.org/conda-forge/osx-arm64/libiconv-1.18-h23cfdf5_2.conda#de0336e800b2af9a40bdd694b03870ac4a848161b35c8a2325704f123f185f03
https://conda.anaconda.org/conda-forge/osx-arm64/libjpeg-turbo-3.2.0-h84a0fba_1.conda#05006418f9392c9b723e8428808db106de0350a497832f95f921b85ff1072310
https://conda.anaconda.org/conda-forge/osx-arm64/liblzma-5.8.3-h8088a28_1.conda#23d0630046a3e8b164d8f80f2b74ed2605af2e7050ab9913018056402fae4311
https://conda.anaconda.org/conda-forge/osx-arm64/libwebp-base-1.6.0-h202fb40_1.conda#0ff54650d470c7e54cbeffdd53a8c063e055a7bcf784388c0385ce5c4741b0f4
https://conda.anaconda.org/conda-forge/osx-arm64/libzlib-1.3.2-h8088a28_3.conda#a18fa5d5bac452401459f966cf0d872224e8080c4ff93c77e168d43ab42ef9d7
https://conda.anaconda.org/conda-forge/osx-arm64/llvm-openmp-22.1.8-hc7d1edf_0.conda#ccbaad6bbc88f135ab849bc36af5fa6eda36a9ed18ce6f58e3dde3d11784c156
https://conda.anaconda.org/conda-forge/osx-arm64/ncurses-6.6-he64c551_1.conda#7024a48c8c0d0114ed4ab53c76bf9275d50e91ba7cea367a9aead638d3c29c68
https://conda.anaconda.org/conda-forge/osx-arm64/pthread-stubs-0.4-h84a0fba_1003.conda#1c2338b9b0486af86883b9593d2f3e2845bbf216ea453dfe5d9a228e8dbe4057
https://conda.anaconda.org/conda-forge/noarch/python_abi-3.12-8_cp312.conda#80677180dd3c22deb7426ca89d6203f1c7f1f256f2d5a94dc210f6e758229809
https://conda.anaconda.org/conda-forge/noarch/tzdata-2026c-h151e31d_0.conda#b928c30ddcb0e3f544c6eade8352737e6e610e263276b90232db6a578ef899d8
https://conda.anaconda.org/conda-forge/osx-arm64/xorg-libxau-1.0.12-h84a0fba_2.conda#5c5ea38ceec008e4ff40111fc166b04086fca310b0aa9e5bd46f65e6b0dcb71d
https://conda.anaconda.org/conda-forge/osx-arm64/xorg-libxdmcp-1.1.5-h84a0fba_2.conda#2f6915f0897ace4a1b5d66d0463079f7bc9819b0048c03677e47764f0a743499
https://conda.anaconda.org/conda-forge/osx-arm64/_openmp_mutex-4.5-7_kmp_llvm.conda#7acaa2e0782cad032bdaf756b536874346ac1375745fb250e9bdd6a48a7ab3cd
https://conda.anaconda.org/conda-forge/noarch/fonts-conda-forge-1-hc364b38_1.conda#54eea8469786bc2291cc40bca5f46438d3e062a399e8f53f013b6a9f50e98333
https://conda.anaconda.org/conda-forge/osx-arm64/graphite2-1.3.15-h784d473_1.conda#471f34a187fdb4f2df33e26f2e471b16c239a5b277903f643d9c3a8c9a9f44ec
https://conda.anaconda.org/conda-forge/osx-arm64/lerc-4.2.0-h1eee2c3_0.conda#c97aa17d16d2ac332ba9f184e82ce8f72dcb10e9a10c5f299030be2d44e191b9
https://conda.anaconda.org/conda-forge/osx-arm64/libbrotlidec-1.2.0-hc919400_1.conda#2eae444039826db0454b19b52a3390f63bfe24f6b3e63089778dd5a5bf48b6bf
https://conda.anaconda.org/conda-forge/osx-arm64/libbrotlienc-1.2.0-hc919400_1.conda#01436c32bb41f9cb4bcf07dda647ce4e5deb8307abfc3abdc8da5317db8189d1
https://conda.anaconda.org/conda-forge/osx-arm64/libintl-0.25.1-h493aca8_0.conda#99d2cebcd8f84961b86784451b010f5f0a795ed1c08f1e7c76fbb3c22abf021a
https://conda.anaconda.org/conda-forge/osx-arm64/libmcfp-2.0.4-h9f8dd65_0.conda#cd0f4b5cfe82db5f2a59d6cd4e273cd1451a100a3a8910c83f0f92c5891ead00
https://conda.anaconda.org/conda-forge/osx-arm64/libpng-1.6.58-h132b30e_0.conda#66eae34546df1f098a67064970c92aa14ae7a7505091889e00468294d2882c36
https://conda.anaconda.org/conda-forge/osx-arm64/libsqlite-3.53.4-h1ae2325_0.conda#745662565e103f290e9dc4263bbd88285082f8cf699854fe2d5f1e35a4a0d326
https://conda.anaconda.org/conda-forge/osx-arm64/libxcb-1.17.0-hdb1d25a_0.conda#bd3816218924b1e43b275863e21a3e13a5db4a6da74cca8e60bc3c213eb62f71
https://conda.anaconda.org/conda-forge/osx-arm64/openssl-3.6.3-hd24854e_1.conda#66be2283b5b37dcda1332b5e74c1782a8cb14fd2e62e0d38017c2d35bf73c119
https://conda.anaconda.org/conda-forge/osx-arm64/pcre2-10.47-h30297fc_0.conda#5e2e443f796f2fd92adf7978286a525fb768c34e12b1ee9ded4000a41b2894ba
https://conda.anaconda.org/conda-forge/osx-arm64/pixman-0.46.4-h784d473_3.conda#4779cd57231ce2e96fac643fcbdd4a6f51a57986264545445574e9c4acf526d3
https://conda.anaconda.org/conda-forge/osx-arm64/qhull-2020.2-h420ef59_5.conda#873ac689484262a51fd79bc6103c1a1bedbf524924d7f0088fb80703042805e4
https://conda.anaconda.org/conda-forge/osx-arm64/readline-8.3-h46df422_0.conda#a77010528efb4b548ac2a4484eaf7e1c3907f2aec86123ed9c5212ae44502477
https://conda.anaconda.org/conda-forge/osx-arm64/tk-8.6.13-hd3d0363_3.conda#47186bc7ab8d7e8bee86bbd1a917196f8c21cf63f081fc33cd6d1221af087580
https://conda.anaconda.org/conda-forge/osx-arm64/zlib-ng-2.3.3-hed4e4f5_1.conda#a339606a6b224bb230ff3d711e801934f3b3844271df9720165e0353716580d4
https://conda.anaconda.org/conda-forge/osx-arm64/zstd-1.5.7-hbf9d68e_6.conda#9485ba49e8f47d2b597dd399e88f4802e100851b27c21d7525625b0b4025a5d9
https://conda.anaconda.org/conda-forge/osx-arm64/brotli-bin-1.2.0-hc919400_1.conda#e2d142052a83ff2e8eab3fe68b9079cad80d109696dc063a3f92275802341640
https://conda.anaconda.org/conda-forge/noarch/fonts-conda-ecosystem-1-0.tar.bz2#a997f2f1921bb9c9d76e6fa2f6b408b7fa549edd349a77639c9fe7a23ea93e61
https://conda.anaconda.org/conda-forge/osx-arm64/libboost-1.90.0-h0419b56_1.conda#6f1450cdde346f12cdfa4f6862cc9aa288a8967a7017cf4ccdbbeb403604e148
https://conda.anaconda.org/conda-forge/osx-arm64/libfreetype6-2.14.3-hdfa99f5_1.conda#abbfffd8a8c776bb8b59a10c8247fc3aa6b17ba0051e9f6d199dca38479f214f
https://conda.anaconda.org/conda-forge/osx-arm64/libgcc-16.1.0-h3cf6597_1.conda#fdd1502babb50b802d090496586231f56236d7a6fc042a4e1ac2dee48da8366b
https://conda.anaconda.org/conda-forge/osx-arm64/libglib-2.88.3-ha531971_1.conda#c9f7273bbe06d1693ff3a2b6f8b49b74e2ef6cbac2cead7aae767f2f5191b7aa
https://conda.anaconda.org/conda-forge/osx-arm64/libtiff-4.7.2-h282da08_0.conda#253153cabf9469170e02b21a6bc9aa598048e7c34966b1103af52d27d2a708a4
https://conda.anaconda.org/conda-forge/osx-arm64/python-3.12.13-hd1323d7_1_cpython.conda#b375287c4fa8737c0a44af917d4c2b2cb9cd79e85d224733cd2b46165e9988b1
https://conda.anaconda.org/conda-forge/osx-arm64/brotli-1.2.0-h7d5ae5b_1.conda#422ac5c91f8ef07017c594d9135b7ae068157393d2a119b1908c7e350938579d
https://conda.anaconda.org/conda-forge/noarch/colorama-0.4.6-pyhd8ed1ab_1.conda#ab29d57dc70786c1269633ba3dff20288b81664d3ff8d21af995742e2bb03287
https://conda.anaconda.org/conda-forge/noarch/cycler-0.12.1-pyhcf101f3_2.conda#bb47aec5338695ff8efbddbc669064a3b10fe34ad881fb8ad5d64fbfa6910ed1
https://conda.anaconda.org/conda-forge/osx-arm64/freesasa-python-2.2.1-py312h163523d_1.conda#c677041d7761d9097002d695ffe3ea7233dd32e6a7e339a25c288c2ce27fde0e
https://conda.anaconda.org/conda-forge/noarch/iniconfig-2.3.0-pyhd8ed1ab_0.conda#e1a9e3b1c8fe62dc3932a616c284b5d8cbe3124bbfbedcf4ce5c828cb166ee19
https://conda.anaconda.org/conda-forge/osx-arm64/kiwisolver-1.5.0-py312h3093aea_0.conda#8de440f0e33ab6895e81f2c47c51e59d177349a832087a0367e8e259c97f4833
https://conda.anaconda.org/conda-forge/osx-arm64/lcms2-2.19.1-hdfa7624_1.conda#ccb5598fad3694e79bf54f0eb812e3b3c3dd63d1497e631f5978800eadb9bcc4
https://conda.anaconda.org/conda-forge/osx-arm64/libfreetype-2.14.3-hce30654_1.conda#d5637b01941c0fc8f5cbb1f170c238f4ee153b3c1708b9d50f4f1305438ff051
https://conda.anaconda.org/conda-forge/osx-arm64/libgfortran5-16.1.0-h32cdfcc_1.conda#3e8cb79a421e0c350566717febdba9079574cbbe204591b4fd4b4081ea89cb92
https://conda.anaconda.org/conda-forge/noarch/munkres-1.1.4-pyhd8ed1ab_1.conda#d09c47c2cf456de5c09fa66d2c3c5035aa1fa228a1983a433c47b876aa16ce90
https://conda.anaconda.org/conda-forge/noarch/narwhals-2.24.0-pyhcf101f3_0.conda#57f525a1c55b08c3204fab05d2c74a3e9c2172d7f08f1ecaa07e19865cc1d7cf
https://conda.anaconda.org/conda-forge/osx-arm64/openjpeg-2.5.4-hd9e9057_0.conda#60aca8b9f94d06b852b296c276b3cf0efba5a6eb9f25feb8708570d3a74f00e4
https://conda.anaconda.org/conda-forge/noarch/packaging-26.3-pyhc364b38_0.conda#c432626b16768b8dab228bfb706f7060c2d462a21c516d240f68f2f902b5a044
https://conda.anaconda.org/conda-forge/noarch/pluggy-1.6.0-pyhf9edf01_1.conda#e14aafa63efa0528ca99ba568eaf506eb55a0371d12e6250aaaa61718d2eb62e
https://conda.anaconda.org/conda-forge/noarch/pygments-2.20.0-pyhd8ed1ab_0.conda#cf70b2f5ad9ae472b71235e5c8a736c9316df3705746de419b59d442e8348e86
https://conda.anaconda.org/conda-forge/noarch/pyparsing-3.3.2-pyhcf101f3_0.conda#417fba4783e528ee732afa82999300859b065dc59927344b4859c64aae7182de
https://conda.anaconda.org/conda-forge/noarch/setuptools-84.0.0-pyh332efcf_0.conda#9e200ee5f9ff19a4d94e4b51c4856d53dec849f91032f345cf0c6bc3d51a7183
https://conda.anaconda.org/conda-forge/noarch/six-1.17.0-pyhe01879c_1.conda#458227f759d5e3fcec5d9b7acce54e10c9e1f4f4b7ec978f3bfd54ce4ee9853d
https://conda.anaconda.org/conda-forge/noarch/threadpoolctl-3.6.0-pyhecae5ae_0.conda#6016672e0e72c4cf23c0cf7b1986283bd86a9c17e8d319212d78d8e9ae42fdfd
https://conda.anaconda.org/conda-forge/noarch/tomli-2.4.1-pyhcf101f3_0.conda#91cafdb64268e43e0e10d30bd1bef5af392e69f00edd34dfaf909f69ab2da6bd
https://conda.anaconda.org/conda-forge/osx-arm64/tornado-6.5.8-py312h2bbb03f_0.conda#a6e2cb20d031c9719b678de203d03b80e2f4a35d50fd0521e3eeb5e922ad4284
https://conda.anaconda.org/conda-forge/noarch/typing_extensions-4.16.0-pyhcf101f3_0.conda#2d888f90af0686044882c74193ec80a90ec1943145d94a7b1b048958acda1848
https://conda.anaconda.org/conda-forge/osx-arm64/unicodedata2-17.0.1-py312h2bbb03f_0.conda#e935d0c11581e31e89ce4899a28b16f924d1a3c1af89f18f8a2c5f5728b3107f
https://conda.anaconda.org/conda-forge/noarch/exceptiongroup-1.3.1-pyhd8ed1ab_0.conda#ee6cf346d017d954255bbcbdb424cddea4d14e4ed7e9813e429db1d795d01144
https://conda.anaconda.org/conda-forge/osx-arm64/fontconfig-2.18.3-h2b252f5_0.conda#6ec1937b910b2ac468459c2f7844b7c98238ada39ede05461dbd4dc764e519a5
https://conda.anaconda.org/conda-forge/osx-arm64/fonttools-4.63.0-py312h04c11ed_0.conda#b78cc8df0d93ac0f0d59cb91cf54cc91effa6c124a78c8d2e8afc8011d9fb320
https://conda.anaconda.org/conda-forge/noarch/freesasa-2.2.1-hd8ed1ab_5.conda#ac83d523dde3ae3aaccd36488dd092ac331b91138b0a9977def9100ae3cdd293
https://conda.anaconda.org/conda-forge/osx-arm64/freetype-2.14.3-hce30654_1.conda#96b33f1e2a32c602b167f43719e3acf89ec742b4a1e25e99ffd0e6f99b38d277
https://conda.anaconda.org/conda-forge/noarch/joblib-1.5.3-pyhd8ed1ab_0.conda#301539229d7be6420c084490b8145583291123f0ce6b92f56be5948a2c83a379
https://conda.anaconda.org/conda-forge/osx-arm64/libgfortran-16.1.0-h07b0088_1.conda#d7c6dd601dbbde495ab213a76d690b2fec19455d26c595ec0257cfde3e80166b
https://conda.anaconda.org/conda-forge/osx-arm64/pillow-12.3.0-py312h4e908a4_0.conda#0867f0996be43d59afd9abf20a8374c2b33da88fe7a0c42fc98921b73a946426
https://conda.anaconda.org/conda-forge/noarch/python-dateutil-2.9.0.post0-pyhe01879c_2.conda#d6a17ece93bbd5139e02d2bd7dbfa80bee1a4261dced63f65f679121686bf664
https://conda.anaconda.org/conda-forge/noarch/wheel-0.47.0-pyhd8ed1ab_0.conda#9e156ffaefb8463437144326ada4b85d1de17961b9997ac5f1cbbaf747bd8bed
https://conda.anaconda.org/conda-forge/osx-arm64/cairo-1.18.4-he0f2337_1.conda#cde9b79ee206fe3ba6ca2dc5906593fb7a1350515f85b2a1135a4ce8ec1539e3
https://conda.anaconda.org/conda-forge/osx-arm64/libopenblas-0.3.34-openmp_he657e61_0.conda#bcf1967f12f1b1cc769dcc77b255fb1b27aaceb2f185450e9596d137bc6ede76
https://conda.anaconda.org/conda-forge/noarch/pip-26.2.1-pyh8b19718_0.conda#c205bae42eb11b364fe3663a817cbcbc20a8ef544c6b2ff6f391013487117259
https://conda.anaconda.org/conda-forge/noarch/pytest-9.1.1-pyhc364b38_2.conda#430051d80765207a7d782b2b188230ba1489d35c6e75fd9903f76cb9fda4af16
https://conda.anaconda.org/conda-forge/osx-arm64/libblas-3.11.0-9_h51639a9_openblas.conda#0437866fe43b4c911470d3e7ddea18d78390bd7062d9563ce6d38c8ba5798405
https://conda.anaconda.org/conda-forge/osx-arm64/libharfbuzz-14.3.0-h5a65909_0.conda#5803da482e914fc5d7ea82b31789471973b03ca58e9caffedd86e175c3aee447
https://conda.anaconda.org/conda-forge/osx-arm64/libcblas-3.11.0-9_hb0561ab_openblas.conda#c4c71f20fdb20c86bf6f61c8c31bb349e4055bb4d19928e8580bb5615039cb4b
https://conda.anaconda.org/conda-forge/osx-arm64/liblapack-3.11.0-9_hd9741b5_openblas.conda#db09e8e6a58415da1d866221cf518e53e84c6766a4500faae716cfa204f696ff
https://conda.anaconda.org/conda-forge/osx-arm64/libraqm-0.11.0-h45af499_0.conda#b110f7f9b2cec61ea793c521950414e00cd64826e18aeb4ab40369acf05c0039
https://conda.anaconda.org/conda-forge/osx-arm64/numpy-2.5.2-py312ha003a3f_0.conda#4d3691e7657703979c3b55bcc8d69639ccb7b75f15ebd6a32c74411592e8c0f7
https://conda.anaconda.org/conda-forge/osx-arm64/biopython-1.88-py312h2bbb03f_0.conda#3231e2e689cc05923d7621a93bf9d7d4764011e50f577d9ca49aa30412c6d28d
https://conda.anaconda.org/conda-forge/osx-arm64/contourpy-1.3.3-py312h3093aea_4.conda#fa1b3967c644c1ffaf8beba3d7aee2301a8db32c0e9a56649a0e496cf3abd27c
https://conda.anaconda.org/conda-forge/osx-arm64/libboost-python-1.90.0-py312hdeff4eb_1.conda#4d64c198e89267a760e1a2bef475376deadc74b85659ae7e8f9feb5a0fefd028
https://conda.anaconda.org/conda-forge/osx-arm64/pandas-3.0.5-py312h6510ced_1.conda#2cef45eb539621fb181b9682d960157a476729b61094046e44bb8ac167cf3779
https://conda.anaconda.org/conda-forge/osx-arm64/scipy-1.18.0-py312h4519d97_0.conda#708f27ae8ccf62cf714dc5c6f728ae733dc14315c842e935ed7f491d214df2b0
https://conda.anaconda.org/conda-forge/osx-arm64/dssp-4.6.1-np2py312h506d135_1.conda#75ad91a18203263f4f09b2be4975c2ead5558e837f85074d71fc8c15835f85fd
https://conda.anaconda.org/conda-forge/osx-arm64/matplotlib-base-3.11.1-py312h07c8dfe_2.conda#43c6f6494d183a3214c9acca05f6c477ace507f48785719c7c315aca4b0654a0
https://conda.anaconda.org/conda-forge/osx-arm64/scikit-learn-1.9.0-np2py312he5ca3e3_0.conda#e140dce2c42d0a121a113e29fbde4fd95a69cdf528ea195558ba25b809b439b7
https://conda.anaconda.org/conda-forge/osx-arm64/matplotlib-3.11.1-py312hf2eba6f_2.conda#fe60080c908a7ea5152cfd1baba4eacc0198e0f31b2bb7e73a305d0b100d1e59
